// !$*UTF8*$!
{
	archiveVersion = 1;
	classes = {
	};
	objectVersion = 46;
	objects = {

/* Begin PBXBuildFile section */
		2D61E47F1F036E74002A51AC /* AppDelegate.swift in Sources */ = {isa = PBXBuildFile; fileRef = 2D61E47E1F036E74002A51AC /* AppDelegate.swift */; };
		2D61E4811F036E74002A51AC /* ViewController.swift in Sources */ = {isa = PBXBuildFile; fileRef = 2D61E4801F036E74002A51AC /* ViewController.swift */; };
		2D61E4841F036E74002A51AC /* Main.storyboard in Resources */ = {isa = PBXBuildFile; fileRef = 2D61E4821F036E74002A51AC /* Main.storyboard */; };
		2D61E4861F036E74002A51AC /* Assets.xcassets in Resources */ = {isa = PBXBuildFile; fileRef = 2D61E4851F036E74002A51AC /* Assets.xcassets */; };
		2D61E4891F036E74002A51AC /* LaunchScreen.storyboard in Resources */ = {isa = PBXBuildFile; fileRef = 2D61E4871F036E74002A51AC /* LaunchScreen.storyboard */; };
		2D61E4941F036E74002A51AC /* GoogleMapsDemoTests.swift in Sources */ = {isa = PBXBuildFile; fileRef = 2D61E4931F036E74002A51AC /* GoogleMapsDemoTests.swift */; };
		2D61E49F1F036E74002A51AC /* GoogleMapsDemoUITests.swift in Sources */ = {isa = PBXBuildFile; fileRef = 2D61E49E1F036E74002A51AC /* GoogleMapsDemoUITests.swift */; };
/* End PBXBuildFile section */

/* Begin PBXContainerItemProxy section */
		2D61E4901F036E74002A51AC /* PBXContainerItemProxy */ = {
			isa = PBXContainerItemProxy;
			containerPortal = 2D61E4731F036E74002A51AC /* Project object */;
			proxyType = 1;
			remoteGlobalIDString = 2D61E47A1F036E74002A51AC;
			remoteInfo = GoogleMapsDemo;
		};
		2D61E49B1F036E74002A51AC /* PBXContainerItemProxy */ = {
			isa = PBXContainerItemProxy;
			containerPortal = 2D61E4731F036E74002A51AC /* Project object */;
			proxyType = 1;
			remoteGlobalIDString = 2D61E47A1F036E74002A51AC;
			remoteInfo = GoogleMapsDemo;
		};
/* End PBXContainerItemProxy section */

/* Begin PBXFileReference section */
		2D61E47B1F036E74002A51AC /* GoogleMapsDemo.app */ = {isa = PBXFileReference; explicitFileType = wrapper.application; includeInIndex = 0; path = GoogleMapsDemo.app; sourceTree = BUILT_PRODUCTS_DIR; };
		2D61E47E1F036E74002A51AC /* AppDelegate.swift */ = {isa = PBXFileReference; lastKnownFileType = sourcecode.swift; path = AppDelegate.swift; sourceTree = "<group>"; };
		2D61E4801F036E74002A51AC /* ViewController.swift */ = {isa = PBXFileReference; lastKnownFileType = sourcecode.swift; path = ViewController.swift; sourceTree = "<group>"; };
		2D61E4831F036E74002A51AC /* Base */ = {isa = PBXFileReference; lastKnownFileType = file.storyboard; name = Base; path = Base.lproj/Main.storyboard; sourceTree = "<group>"; };
		2D61E4851F036E74002A51AC /* Assets.xcassets */ = {isa = PBXFileReference; lastKnownFileType = folder.assetcatalog; path = Assets.xcassets; sourceTree = "<group>"; };
		2D61E4881F036E74002A51AC /* Base */ = {isa = PBXFileReference; lastKnownFileType = file.storyboard; name = Base; path = Base.lproj/LaunchScreen.storyboard; sourceTree = "<group>"; };
		2D61E48A1F036E74002A51AC /* Info.plist */ = {isa = PBXFileReference; lastKnownFileType = text.plist.xml; path = Info.plist; sourceTree = "<group>"; };
		2D61E48F1F036E74002A51AC /* GoogleMapsDemoTests.xctest */ = {isa = PBXFileReference; explicitFileType = wrapper.cfbundle; includeInIndex = 0; path = GoogleMapsDemoTests.xctest; sourceTree = BUILT_PRODUCTS_DIR; };
		2D61E4931F036E74002A51AC /* GoogleMapsDemoTests.swift */ = {isa = PBXFileReference; lastKnownFileType = sourcecode.swift; path = GoogleMapsDemoTests.swift; sourceTree = "<group>"; };
		2D61E4951F036E74002A51AC /* Info.plist */ = {isa = PBXFileReference; lastKnownFileType = text.plist.xml; path = Info.plist; sourceTree = "<group>"; };
		2D61E49A1F036E74002A51AC /* GoogleMapsDemoUITests.xctest */ = {isa = PBXFileReference; explicitFileType = wrapper.cfbundle; includeInIndex = 0; path = GoogleMapsDemoUITests.xctest; sourceTree = BUILT_PRODUCTS_DIR; };
		2D61E49E1F036E74002A51AC /* GoogleMapsDemoUITests.swift */ = {isa = PBXFileReference; lastKnownFileType = sourcecode.swift; path = GoogleMapsDemoUITests.swift; sourceTree = "<group>"; };
		2D61E4A01F036E74002A51AC /* Info.plist */ = {isa = PBXFileReference; lastKnownFileType = text.plist.xml; path = Info.plist; sourceTree = "<group>"; };
/* End PBXFileReference section */

/* Begin PBXFrameworksBuildPhase section */
		2D61E4781F036E74002A51AC /* Frameworks */ = {
			isa = PBXFrameworksBuildPhase;
			buildActionMask = 2147483647;
			files = (
			);
			runOnlyForDeploymentPostprocessing = 0;
		};
		2D61E48C1F036E74002A51AC /* Frameworks */ = {
			isa = PBXFrameworksBuildPhase;
			buildActionMask = 2147483647;
			files = (
			);
			runOnlyForDeploymentPostprocessing = 0;
		};
		2D61E4971F036E74002A51AC /* Frameworks */ = {
			isa = PBXFrameworksBuildPhase;
			buildActionMask = 2147483647;
			files = (
			);
			runOnlyForDeploymentPostprocessing = 0;
		};
/* End PBXFrameworksBuildPhase section */

/* Begin PBXGroup section */
		2D61E4721F036E74002A51AC = {
			isa = PBXGroup;
			children = (
				2D61E47D1F036E74002A51AC /* GoogleMapsDemo */,
				2D61E4921F036E74002A51AC /* GoogleMapsDemoTests */,
				2D61E49D1F036E74002A51AC /* GoogleMapsDemoUITests */,
				2D61E47C1F036E74002A51AC /* Products */,
			);
			sourceTree = "<group>";
		};
		2D61E47C1F036E74002A51AC /* Products */ = {
			isa = PBXGroup;
			children = (
				2D61E47B1F036E74002A51AC /* GoogleMapsDemo.app */,
				2D61E48F1F036E74002A51AC /* GoogleMapsDemoTests.xctest */,
				2D61E49A1F036E74002A51AC /* GoogleMapsDemoUITests.xctest */,
			);
			name = Products;
			sourceTree = "<group>";
		};
		2D61E47D1F036E74002A51AC /* GoogleMapsDemo */ = {
			isa = PBXGroup;
			children = (
				2D61E47E1F036E74002A51AC /* AppDelegate.swift */,
				2D61E4801F036E74002A51AC /* ViewController.swift */,
				2D61E4821F036E74002A51AC /* Main.storyboard */,
				2D61E4851F036E74002A51AC /* Assets.xcassets */,
				2D61E4871F036E74002A51AC /* LaunchScreen.storyboard */,
				2D61E48A1F036E74002A51AC /* Info.plist */,
			);
			path = GoogleMapsDemo;
			sourceTree = "<group>";
		};
		2D61E4921F036E74002A51AC /* GoogleMapsDemoTests */ = {
			isa = PBXGroup;
			children = (
				2D61E4931F036E74002A51AC /* GoogleMapsDemoTests.swift */,
				2D61E4951F036E74002A51AC /* Info.plist */,
			);
			path = GoogleMapsDemoTests;
			sourceTree = "<group>";
		};
		2D61E49D1F036E74002A51AC /* GoogleMapsDemoUITests */ = {
			isa = PBXGroup;
			children = (
				2D61E49E1F036E74002A51AC /* GoogleMapsDemoUITests.swift */,
				2D61E4A01F036E74002A51AC /* Info.plist */,
			);
			path = GoogleMapsDemoUITests;
			sourceTree = "<group>";
		};
/* End PBXGroup section */

/* Begin PBXNativeTarget section */
		2D61E47A1F036E74002A51AC /* GoogleMapsDemo */ = {
			isa = PBXNativeTarget;
			buildConfigurationList = 2D61E4A31F036E74002A51AC /* Build configuration list for PBXNativeTarget "GoogleMapsDemo" */;
			buildPhases = (
				2D61E4771F036E74002A51AC /* Sources */,
				2D61E4781F036E74002A51AC /* Frameworks */,
				2D61E4791F036E74002A51AC /* Resources */,
			);
			buildRules = (
			);
			dependencies = (
			);
			name = GoogleMapsDemo;
			productName = GoogleMapsDemo;
			productReference = 2D61E47B1F036E74002A51AC /* GoogleMapsDemo.app */;
			productType = "com.apple.product-type.application";
		};
		2D61E48E1F036E74002A51AC /* GoogleMapsDemoTests */ = {
			isa = PBXNativeTarget;
			buildConfigurationList = 2D61E4A61F036E74002A51AC /* Build configuration list for PBXNativeTarget "GoogleMapsDemoTests" */;
			buildPhases = (
				2D61E48B1F036E74002A51AC /* Sources */,
				2D61E48C1F036E74002A51AC /* Frameworks */,
				2D61E48D1F036E74002A51AC /* Resources */,
			);
			buildRules = (
			);
			dependencies = (
				2D61E4911F036E74002A51AC /* PBXTargetDependency */,
			);
			name = GoogleMapsDemoTests;
			productName = GoogleMapsDemoTests;
			productReference = 2D61E48F1F036E74002A51AC /* GoogleMapsDemoTests.xctest */;
			productType = "com.apple.product-type.bundle.unit-test";
		};
		2D61E4991F036E74002A51AC /* GoogleMapsDemoUITests */ = {
			isa = PBXNativeTarget;
			buildConfigurationList = 2D61E4A91F036E74002A51AC /* Build configuration list for PBXNativeTarget "GoogleMapsDemoUITests" */;
			buildPhases = (
				2D61E4961F036E74002A51AC /* Sources */,
				2D61E4971F036E74002A51AC /* Frameworks */,
				2D61E4981F036E74002A51AC /* Resources */,
			);
			buildRules = (
			);
			dependencies = (
				2D61E49C1F036E74002A51AC /* PBXTargetDependency */,
			);
			name = GoogleMapsDemoUITests;
			productName = GoogleMapsDemoUITests;
			productReference = 2D61E49A1F036E74002A51AC /* GoogleMapsDemoUITests.xctest */;
			productType = "com.apple.product-type.bundle.ui-testing";
		};
/* End PBXNativeTarget section */

/* Begin PBXProject section */
		2D61E4731F036E74002A51AC /* Project object */ = {
			isa = PBXProject;
			attributes = {
				LastSwiftUpdateCheck = 0830;
				LastUpgradeCheck = 0830;
				ORGANIZATIONNAME = "APPLE MAC MINI";
				TargetAttributes = {
					2D61E47A1F036E74002A51AC = {
						CreatedOnToolsVersion = 8.3.3;
						ProvisioningStyle = Automatic;
					};
					2D61E48E1F036E74002A51AC = {
						CreatedOnToolsVersion = 8.3.3;
						ProvisioningStyle = Automatic;
						TestTargetID = 2D61E47A1F036E74002A51AC;
					};
					2D61E4991F036E74002A51AC = {
						CreatedOnToolsVersion = 8.3.3;
						ProvisioningStyle = Automatic;
						TestTargetID = 2D61E47A1F036E74002A51AC;
					};
				};
			};
			buildConfigurationList = 2D61E4761F036E74002A51AC /* Build configuration list for PBXProject "GoogleMapsDemo" */;
			compatibilityVersion = "Xcode 3.2";
			developmentRegion = English;
			hasScannedForEncodings = 0;
			knownRegions = (
				en,
				Base,
			);
			mainGroup = 2D61E4721F036E74002A51AC;
			productRefGroup = 2D61E47C1F036E74002A51AC /* Products */;
			projectDirPath = "";
			projectRoot = "";
			targets = (
				2D61E47A1F036E74002A51AC /* GoogleMapsDemo */,
				2D61E48E1F036E74002A51AC /* GoogleMapsDemoTests */,
				2D61E4991F036E74002A51AC /* GoogleMapsDemoUITests */,
			);
		};
/* End PBXProject section */

/* Begin PBXResourcesBuildPhase section */
		2D61E4791F036E74002A51AC /* Resources */ = {
			isa = PBXResourcesBuildPhase;
			buildActionMask = 2147483647;
			files = (
				2D61E4891F036E74002A51AC /* LaunchScreen.storyboard in Resources */,
				2D61E4861F036E74002A51AC /* Assets.xcassets in Resources */,
				2D61E4841F036E74002A51AC /* Main.storyboard in Resources */,
			);
			runOnlyForDeploymentPostprocessing = 0;
		};
		2D61E48D1F036E74002A51AC /* Resources */ = {
			isa = PBXResourcesBuildPhase;
			buildActionMask = 2147483647;
			files = (
			);
			runOnlyForDeploymentPostprocessing = 0;
		};
		2D61E4981F036E74002A51AC /* Resources */ = {
			isa = PBXResourcesBuildPhase;
			buildActionMask = 2147483647;
			files = (
			);
			runOnlyForDeploymentPostprocessing = 0;
		};
/* End PBXResourcesBuildPhase section */

/* Begin PBXSourcesBuildPhase section */
		2D61E4771F036E74002A51AC /* Sources */ = {
			isa = PBXSourcesBuildPhase;
			buildActionMask = 2147483647;
			files = (
				2D61E4811F036E74002A51AC /* ViewController.swift in Sources */,
				2D61E47F1F036E74002A51AC /* AppDelegate.swift in Sources */,
			);
			runOnlyForDeploymentPostprocessing = 0;
		};
		2D61E48B1F036E74002A51AC /* Sources */ = {
			isa = PBXSourcesBuildPhase;
			buildActionMask = 2147483647;
			files = (
				2D61E4941F036E74002A51AC /* GoogleMapsDemoTests.swift in Sources */,
			);
			runOnlyForDeploymentPostprocessing = 0;
		};
		2D61E4961F036E74002A51AC /* Sources */ = {
			isa = PBXSourcesBuildPhase;
			buildActionMask = 2147483647;
			files = (
				2D61E49F1F036E74002A51AC /* GoogleMapsDemoUITests.swift in Sources */,
			);
			runOnlyForDeploymentPostprocessing = 0;
		};
/* End PBXSourcesBuildPhase section */

/* Begin PBXTargetDependency section */
		2D61E4911F036E74002A51AC /* PBXTargetDependency */ = {
			isa = PBXTargetDependency;
			target = 2D61E47A1F036E74002A51AC /* GoogleMapsDemo */;
			targetProxy = 2D61E4901F036E74002A51AC /* PBXContainerItemProxy */;
		};
		2D61E49C1F036E74002A51AC /* PBXTargetDependency */ = {
			isa = PBXTargetDependency;
			target = 2D61E47A1F036E74002A51AC /* GoogleMapsDemo */;
			targetProxy = 2D61E49B1F036E74002A51AC /* PBXContainerItemProxy */;
		};
/* End PBXTargetDependency section */

/* Begin PBXVariantGroup section */
		2D61E4821F036E74002A51AC /* Main.storyboard */ = {
			isa = PBXVariantGroup;
			children = (
				2D61E4831F036E74002A51AC /* Base */,
			);
			name = Main.storyboard;
			sourceTree = "<group>";
		};
		2D61E4871F036E74002A51AC /* LaunchScreen.storyboard */ = {
			isa = PBXVariantGroup;
			children = (
				2D61E4881F036E74002A51AC /* Base */,
			);
			name = LaunchScreen.storyboard;
			sourceTree = "<group>";
		};
/* End PBXVariantGroup section */

/* Begin XCBuildConfiguration section */
		2D61E4A11F036E74002A51AC /* Debug */ = {
			isa = XCBuildConfiguration;
			buildSettings = {
				ALWAYS_SEARCH_USER_PATHS = NO;
				CLANG_ANALYZER_NONNULL = YES;
				CLANG_ANALYZER_NUMBER_OBJECT_CONVERSION = YES_AGGRESSIVE;
				CLANG_CXX_LANGUAGE_STANDARD = "gnu++0x";
				CLANG_CXX_LIBRARY = "libc++";
				CLANG_ENABLE_MODULES = YES;
				CLANG_ENABLE_OBJC_ARC = YES;
				CLANG_WARN_BOOL_CONVERSION = YES;
				CLANG_WARN_CONSTANT_CONVERSION = YES;
				CLANG_WARN_DIRECT_OBJC_ISA_USAGE = YES_ERROR;
				CLANG_WARN_DOCUMENTATION_COMMENTS = YES;
				CLANG_WARN_EMPTY_BODY = YES;
				CLANG_WARN_ENUM_CONVERSION = YES;
				CLANG_WARN_INFINITE_RECURSION = YES;
				CLANG_WARN_INT_CONVERSION = YES;
				CLANG_WARN_OBJC_ROOT_CLASS = YES_ERROR;
				CLANG_WARN_SUSPICIOUS_MOVE = YES;
				CLANG_WARN_UNREACHABLE_CODE = YES;
				CLANG_WARN__DUPLICATE_METHOD_MATCH = YES;
				"CODE_SIGN_IDENTITY[sdk=iphoneos*]" = "iPhone Developer";
				COPY_PHASE_STRIP = NO;
				DEBUG_INFORMATION_FORMAT = dwarf;
				ENABLE_STRICT_OBJC_MSGSEND = YES;
				ENABLE_TESTABILITY = YES;
				GCC_C_LANGUAGE_STANDARD = gnu99;
				GCC_DYNAMIC_NO_PIC = NO;
				GCC_NO_COMMON_BLOCKS = YES;
				GCC_OPTIMIZATION_LEVEL = 0;
				GCC_PREPROCESSOR_DEFINITIONS = (
					"DEBUG=1",
					"$(inherited)",
				);
				GCC_WARN_64_TO_32_BIT_CONVERSION = YES;
				GCC_WARN_ABOUT_RETURN_TYPE = YES_ERROR;
				GCC_WARN_UNDECLARED_SELECTOR = YES;
				GCC_WARN_UNINITIALIZED_AUTOS = YES_AGGRESSIVE;
				GCC_WARN_UNUSED_FUNCTION = YES;
				GCC_WARN_UNUSED_VARIABLE = YES;
				IPHONEOS_DEPLOYMENT_TARGET = 10.3;
				MTL_ENABLE_DEBUG_INFO = YES;
				ONLY_ACTIVE_ARCH = YES;
				SDKROOT = iphoneos;
				SWIFT_ACTIVE_COMPILATION_CONDITIONS = DEBUG;
				SWIFT_OPTIMIZATION_LEVEL = "-Onone";
			};
			name = Debug;
		};
		2D61E4A21F036E74002A51AC /* Release */ = {
			isa = XCBuildConfiguration;
			buildSettings = {
				ALWAYS_SEARCH_USER_PATHS = NO;
				CLANG_ANALYZER_NONNULL = YES;
				CLANG_ANALYZER_NUMBER_OBJECT_CONVERSION = YES_AGGRESSIVE;
				CLANG_CXX_LANGUAGE_STANDARD = "gnu++0x";
				CLANG_CXX_LIBRARY = "libc++";
				CLANG_ENABLE_MODULES = YES;
				CLANG_ENABLE_OBJC_ARC = YES;
				CLANG_WARN_BOOL_CONVERSION = YES;
				CLANG_WARN_CONSTANT_CONVERSION = YES;
				CLANG_WARN_DIRECT_OBJC_ISA_USAGE = YES_ERROR;
				CLANG_WARN_DOCUMENTATION_COMMENTS = YES;
				CLANG_WARN_EMPTY_BODY = YES;
				CLANG_WARN_ENUM_CONVERSION = YES;
				CLANG_WARN_INFINITE_RECURSION = YES;
				CLANG_WARN_INT_CONVERSION = YES;
				CLANG_WARN_OBJC_ROOT_CLASS = YES_ERROR;
				CLANG_WARN_SUSPICIOUS_MOVE = YES;
				CLANG_WARN_UNREACHABLE_CODE = YES;
				CLANG_WARN__DUPLICATE_METHOD_MATCH = YES;
				"CODE_SIGN_IDENTITY[sdk=iphoneos*]" = "iPhone Developer";
				COPY_PHASE_STRIP = NO;
				DEBUG_INFORMATION_FORMAT = "dwarf-with-dsym";
				ENABLE_NS_ASSERTIONS = NO;
				ENABLE_STRICT_OBJC_MSGSEND = YES;
				GCC_C_LANGUAGE_STANDARD = gnu99;
				GCC_NO_COMMON_BLOCKS = YES;
				GCC_WARN_64_TO_32_BIT_CONVERSION = YES;
				GCC_WARN_ABOUT_RETURN_TYPE = YES_ERROR;
				GCC_WARN_UNDECLARED_SELECTOR = YES;
				GCC_WARN_UNINITIALIZED_AUTOS = YES_AGGRESSIVE;
				GCC_WARN_UNUSED_FUNCTION = YES;
				GCC_WARN_UNUSED_VARIABLE = YES;
				IPHONEOS_DEPLOYMENT_TARGET = 10.3;
				MTL_ENABLE_DEBUG_INFO = NO;
				SDKROOT = iphoneos;
				SWIFT_OPTIMIZATION_LEVEL = "-Owholemodule";
				VALIDATE_PRODUCT = YES;
			};
			name = Release;
		};
		2D61E4A41F036E74002A51AC /* Debug */ = {
			isa = XCBuildConfiguration;
			buildSettings = {
				ASSETCATALOG_COMPILER_APPICON_NAME = AppIcon;
				INFOPLIST_FILE = GoogleMapsDemo/Info.plist;
				LD_RUNPATH_SEARCH_PATHS = "$(inherited) @executable_path/Frameworks";
				PRODUCT_BUNDLE_IDENTIFIER = com.barodacoders.GoogleMapsDemo;
				PRODUCT_NAME = "$(TARGET_NAME)";
				SWIFT_VERSION = 3.0;
			};
			name = Debug;
		};
		2D61E4A51F036E74002A51AC /* Release */ = {
			isa = XCBuildConfiguration;
			buildSettings = {
				ASSETCATALOG_COMPILER_APPICON_NAME = AppIcon;
				INFOPLIST_FILE = GoogleMapsDemo/Info.plist;
				LD_RUNPATH_SEARCH_PATHS = "$(inherited) @executable_path/Frameworks";
				PRODUCT_BUNDLE_IDENTIFIER = com.barodacoders.GoogleMapsDemo;
				PRODUCT_NAME = "$(TARGET_NAME)";
				SWIFT_VERSION = 3.0;
			};
			name = Release;
		};
		2D61E4A71F036E74002A51AC /* Debug */ = {
			isa = XCBuildConfiguration;
			buildSettings = {
				ALWAYS_EMBED_SWIFT_STANDARD_LIBRARIES = YES;
				BUNDLE_LOADER = "$(TEST_HOST)";
				INFOPLIST_FILE = GoogleMapsDemoTests/Info.plist;
				LD_RUNPATH_SEARCH_PATHS = "$(inherited) @executable_path/Frameworks @loader_path/Frameworks";
				PRODUCT_BUNDLE_IDENTIFIER = com.barodacoders.GoogleMapsDemoTests;
				PRODUCT_NAME = "$(TARGET_NAME)";
				SWIFT_VERSION = 3.0;
				TEST_HOST = "$(BUILT_PRODUCTS_DIR)/GoogleMapsDemo.app/GoogleMapsDemo";
			};
			name = Debug;
		};
		2D61E4A81F036E74002A51AC /* Release */ = {
			isa = XCBuildConfiguration;
			buildSettings = {
				ALWAYS_EMBED_SWIFT_STANDARD_LIBRARIES = YES;
				BUNDLE_LOADER = "$(TEST_HOST)";
				INFOPLIST_FILE = GoogleMapsDemoTests/Info.plist;
				LD_RUNPATH_SEARCH_PATHS = "$(inherited) @executable_path/Frameworks @loader_path/Frameworks";
				PRODUCT_BUNDLE_IDENTIFIER = com.barodacoders.GoogleMapsDemoTests;
				PRODUCT_NAME = "$(TARGET_NAME)";
				SWIFT_VERSION = 3.0;
				TEST_HOST = "$(BUILT_PRODUCTS_DIR)/GoogleMapsDemo.app/GoogleMapsDemo";
			};
			name = Release;
		};
		2D61E4AA1F036E74002A51AC /* Debug */ = {
			isa = XCBuildConfiguration;
			buildSettings = {
				ALWAYS_EMBED_SWIFT_STANDARD_LIBRARIES = YES;
				INFOPLIST_FILE = GoogleMapsDemoUITests/Info.plist;
				LD_RUNPATH_SEARCH_PATHS = "$(inherited) @executable_path/Frameworks @loader_path/Frameworks";
				PRODUCT_BUNDLE_IDENTIFIER = com.barodacoders.GoogleMapsDemoUITests;
				PRODUCT_NAME = "$(TARGET_NAME)";
				SWIFT_VERSION = 3.0;
				TEST_TARGET_NAME = GoogleMapsDemo;
			};
			name = Debug;
		};
		2D61E4AB1F036E74002A51AC /* Release */ = {
			isa = XCBuildConfiguration;
			buildSettings = {
				ALWAYS_EMBED_SWIFT_STANDARD_LIBRARIES = YES;
				INFOPLIST_FILE = GoogleMapsDemoUITests/Info.plist;
				LD_RUNPATH_SEARCH_PATHS = "$(inherited) @executable_path/Frameworks @loader_path/Frameworks";
				PRODUCT_BUNDLE_IDENTIFIER = com.barodacoders.GoogleMapsDemoUITests;
				PRODUCT_NAME = "$(TARGET_NAME)";
				SWIFT_VERSION = 3.0;
				TEST_TARGET_NAME = GoogleMapsDemo;
			};
			name = Release;
		};
/* End XCBuildConfiguration section */

/* Begin XCConfigurationList section */
		2D61E4761F036E74002A51AC /* Build configuration list for PBXProject "GoogleMapsDemo" */ = {
			isa = XCConfigurationList;
			buildConfigurations = (
				2D61E4A11F036E74002A51AC /* Debug */,
				2D61E4A21F036E74002A51AC /* Release */,
			);
			defaultConfigurationIsVisible = 0;
			defaultConfigurationName = Release;
		};
		2D61E4A31F036E74002A51AC /* Build configuration list for PBXNativeTarget "GoogleMapsDemo" */ = {
			isa = XCConfigurationList;
			buildConfigurations = (
				2D61E4A41F036E74002A51AC /* Debug */,
				2D61E4A51F036E74002A51AC /* Release */,
			);
			defaultConfigurationIsVisible = 0;
		};
		2D61E4A61F036E74002A51AC /* Build configuration list for PBXNativeTarget "GoogleMapsDemoTests" */ = {
			isa = XCConfigurationList;
			buildConfigurations = (
				2D61E4A71F036E74002A51AC /* Debug */,
				2D61E4A81F036E74002A51AC /* Release */,
			);
			defaultConfigurationIsVisible = 0;
		};
		2D61E4A91F036E74002A51AC /* Build configuration list for PBXNativeTarget "GoogleMapsDemoUITests" */ = {
			isa = XCConfigurationList;
			buildConfigurations = (
				2D61E4AA1F036E74002A51AC /* Debug */,
				2D61E4AB1F036E74002A51AC /* Release */,
			);
			defaultConfigurationIsVisible = 0;
		};
/* End XCConfigurationList section */
	};
	rootObject = 2D61E4731F036E74002A51AC /* Project object */;
}
